# THIS IS AN AUTOGENERATED FILE. DO NOT EDIT THIS FILE DIRECTLY.
# yarn lockfile v1


blessed@^0.1.81:
  version "0.1.81"
  resolved "https://registry.yarnpkg.com/blessed/-/blessed-0.1.81.tgz#f962d687ec2c369570ae71af843256e6d0ca1129"

eventemitter2@^5.0.0:
  version "5.0.0"
  resolved "https://registry.yarnpkg.com/eventemitter2/-/eventemitter2-5.0.0.tgz#d7f7e256b6314938318e5ed4fd12ac65724962c6"

faye-websocket@0.9.4:
  version "0.9.4"
  resolved "https://registry.yarnpkg.com/faye-websocket/-/faye-websocket-0.9.4.tgz#885934c79effb0409549e0c0a3801ed17a40cdad"
  dependencies:
    websocket-driver ">=0.5.1"

format-currency@^1.0.0:
  version "1.0.0"
  resolved "https://registry.yarnpkg.com/format-currency/-/format-currency-1.0.0.tgz#f907943f390c2ff36be2a51b0a6fb25ad3fe01c8"
  dependencies:
    format-num "^1.0.0"

format-num@^1.0.0:
  version "1.0.0"
  resolved "https://registry.yarnpkg.com/format-num/-/format-num-1.0.0.tgz#a0314cc47301212a061e76cf15ead8e614207077"
  dependencies:
    parse-num "^1.0.0"

http-parser-js@>=0.4.0:
  version "0.4.9"
  resolved "https://registry.yarnpkg.com/http-parser-js/-/http-parser-js-0.4.9.tgz#ea1a04fb64adff0242e9974f297dd4c3cad271e1"

moment@^2.19.4:
  version "2.19.4"
  resolved "https://registry.yarnpkg.com/moment/-/moment-2.19.4.tgz#17e5e2c6ead8819c8ecfad83a0acccb312e94682"

node-uuid@:
  version "1.4.8"
  resolved "https://registry.yarnpkg.com/node-uuid/-/node-uuid-1.4.8.tgz#b040eb0923968afabf8d32fb1f17f1167fdab907"

parse-num@^1.0.0:
  version "1.0.0"
  resolved "https://registry.yarnpkg.com/parse-num/-/parse-num-1.0.0.tgz#abd8b339c157a23d3ef87953ceb11f1dd08059d0"

pusher-js@^4.2.1:
  version "4.2.1"
  resolved "https://registry.yarnpkg.com/pusher-js/-/pusher-js-4.2.1.tgz#7c10e2f981b8ed4390c1cbed448eb5c0967aaa22"
  dependencies:
    faye-websocket "0.9.4"
    xmlhttprequest "^1.8.0"

pusher-node-client@^0.0.8:
  version "0.0.8"
  resolved "https://registry.yarnpkg.com/pusher-node-client/-/pusher-node-client-0.0.8.tgz#fdbad073039fbbe2c1b05149c02fd9a6d876f3f7"
  dependencies:
    node-uuid ""
    underscore ""
    websocket "1.0.1"

rotating-file-stream@^1.3.4:
  version "1.3.4"
  resolved "https://registry.yarnpkg.com/rotating-file-stream/-/rotating-file-stream-1.3.4.tgz#bfa39d277fc857200972351b4df9eaf5462ed785"

underscore@:
  version "1.8.3"
  resolved "https://registry.yarnpkg.com/underscore/-/underscore-1.8.3.tgz#4f3fb53b106e6097fcf9cb4109f2a5e9bdfa5022"

websocket-driver@>=0.5.1:
  version "0.7.0"
  resolved "https://registry.yarnpkg.com/websocket-driver/-/websocket-driver-0.7.0.tgz#0caf9d2d755d93aee049d4bdd0d3fe2cca2a24eb"
  dependencies:
    http-parser-js ">=0.4.0"
    websocket-extensions ">=0.1.1"

websocket-extensions@>=0.1.1:
  version "0.1.3"
  resolved "https://registry.yarnpkg.com/websocket-extensions/-/websocket-extensions-0.1.3.tgz#5d2ff22977003ec687a4b87073dfbbac146ccf29"

websocket@1.0.1:
  version "1.0.1"
  resolved "https://registry.yarnpkg.com/websocket/-/websocket-1.0.1.tgz#e11abc9502cefb5db6d921a40589463aee24df58"

xmlhttprequest@^1.8.0:
  version "1.8.0"
  resolved "https://registry.yarnpkg.com/xmlhttprequest/-/xmlhttprequest-1.8.0.tgz#67fe075c5c24fef39f9d65f5f7b7fe75171968fc"
